
Microsoft Visual Studio Solution File, Format Version 12.00
# Visual Studio Version 17
VisualStudioVersion = 17.5.002.0
MinimumVisualStudioVersion = 10.0.40219.1
Project("{9A19103F-16F7-4668-BE54-9A1E7A4F7556}") = "LeetCodeChallenges", "LeetCodeChallenges.csproj", "{D46E9D6F-A01C-43D9-B804-5CA94F72A310}"
EndProject
Global
	GlobalSection(SolutionConfigurationPlatforms) = preSolution
		Debug|Any CPU = Debug|Any CPU
		Release|Any CPU = Release|Any CPU
	EndGlobalSection
	GlobalSection(ProjectConfigurationPlatforms) = postSolution
		{D46E9D6F-A01C-43D9-B804-5CA94F72A310}.Debug|Any CPU.ActiveCfg = Debug|Any CPU
		{D46E9D6F-A01C-43D9-B804-5CA94F72A310}.Debug|Any CPU.Build.0 = Debug|Any CPU
		{D46E9D6F-A01C-43D9-B804-5CA94F72A310}.Release|Any CPU.ActiveCfg = Release|Any CPU
		{D46E9D6F-A01C-43D9-B804-5CA94F72A310}.Release|Any CPU.Build.0 = Release|Any CPU
	EndGlobalSection
	GlobalSection(SolutionProperties) = preSolution
		HideSolutionNode = FALSE
	EndGlobalSection
	GlobalSection(ExtensibilityGlobals) = postSolution
		SolutionGuid = {4BBB1C31-5173-4766-90DE-B8044D40846B}
	EndGlobalSection
EndGlobal
